// !$*UTF8*$!
{
	archiveVersion = 1;
	classes = {
	};
	objectVersion = 46;
	objects = {

/* Begin PBXBuildFile section */
		FE5C1DF11C1509AC008707BA /* NPCColorPickerViewController.swift in Sources */ = {isa = PBXBuildFile; fileRef = FE5C1DF01C1509AC008707BA /* NPCColorPickerViewController.swift */; };
		FE5C1DF31C150AA3008707BA /* NPCColorPicker.storyboard in Resources */ = {isa = PBXBuildFile; fileRef = FE5C1DF21C150AA3008707BA /* NPCColorPicker.storyboard */; };
		FED244911C181803006247AB /* NPCColorPicker.swift in Sources */ = {isa = PBXBuildFile; fileRef = FED244901C181803006247AB /* NPCColorPicker.swift */; };
		FED244931C181ECE006247AB /* NPCColorPickerMask.swift in Sources */ = {isa = PBXBuildFile; fileRef = FED244921C181ECE006247AB /* NPCColorPickerMask.swift */; };
		FEF7BAC21C14B0E700FE46B4 /* NPCColorPicker.h in Headers */ = {isa = PBXBuildFile; fileRef = FEF7BAC11C14B0E700FE46B4 /* NPCColorPicker.h */; settings = {ATTRIBUTES = (Public, ); }; };
		FEF7BAC91C14B0E700FE46B4 /* NPCColorPicker.framework in Frameworks */ = {isa = PBXBuildFile; fileRef = FEF7BABE1C14B0E700FE46B4 /* NPCColorPicker.framework */; };
		FEF7BACE1C14B0E700FE46B4 /* NPCColorPickerTests.swift in Sources */ = {isa = PBXBuildFile; fileRef = FEF7BACD1C14B0E700FE46B4 /* NPCColorPickerTests.swift */; };
		FEF7BADF1C14B13900FE46B4 /* AppDelegate.swift in Sources */ = {isa = PBXBuildFile; fileRef = FEF7BADE1C14B13900FE46B4 /* AppDelegate.swift */; };
		FEF7BAE11C14B13900FE46B4 /* ViewController.swift in Sources */ = {isa = PBXBuildFile; fileRef = FEF7BAE01C14B13900FE46B4 /* ViewController.swift */; };
		FEF7BAE41C14B13900FE46B4 /* Main.storyboard in Resources */ = {isa = PBXBuildFile; fileRef = FEF7BAE21C14B13900FE46B4 /* Main.storyboard */; };
		FEF7BAE61C14B13900FE46B4 /* Assets.xcassets in Resources */ = {isa = PBXBuildFile; fileRef = FEF7BAE51C14B13900FE46B4 /* Assets.xcassets */; };
		FEF7BAE91C14B13900FE46B4 /* LaunchScreen.storyboard in Resources */ = {isa = PBXBuildFile; fileRef = FEF7BAE71C14B13900FE46B4 /* LaunchScreen.storyboard */; };
		FEF7BAF41C14B13900FE46B4 /* ColorPickerExampleTests.swift in Sources */ = {isa = PBXBuildFile; fileRef = FEF7BAF31C14B13900FE46B4 /* ColorPickerExampleTests.swift */; };
		FEF7BAFF1C14B13900FE46B4 /* ColorPickerExampleUITests.swift in Sources */ = {isa = PBXBuildFile; fileRef = FEF7BAFE1C14B13900FE46B4 /* ColorPickerExampleUITests.swift */; };
		FEF7BB0F1C14B3CF00FE46B4 /* NPCColorUtility.swift in Sources */ = {isa = PBXBuildFile; fileRef = FEF7BB0E1C14B3CF00FE46B4 /* NPCColorUtility.swift */; };
		FEF7BB111C14BD1900FE46B4 /* NPCPaleteUtility.swift in Sources */ = {isa = PBXBuildFile; fileRef = FEF7BB101C14BD1900FE46B4 /* NPCPaleteUtility.swift */; };
/* End PBXBuildFile section */

/* Begin PBXContainerItemProxy section */
		FEF7BACA1C14B0E700FE46B4 /* PBXContainerItemProxy */ = {
			isa = PBXContainerItemProxy;
			containerPortal = FEF7BAB51C14B0E700FE46B4 /* Project object */;
			proxyType = 1;
			remoteGlobalIDString = FEF7BABD1C14B0E700FE46B4;
			remoteInfo = NPCColorPicker;
		};
		FEF7BAF01C14B13900FE46B4 /* PBXContainerItemProxy */ = {
			isa = PBXContainerItemProxy;
			containerPortal = FEF7BAB51C14B0E700FE46B4 /* Project object */;
			proxyType = 1;
			remoteGlobalIDString = FEF7BADB1C14B13900FE46B4;
			remoteInfo = ColorPickerExample;
		};
		FEF7BAFB1C14B13900FE46B4 /* PBXContainerItemProxy */ = {
			isa = PBXContainerItemProxy;
			containerPortal = FEF7BAB51C14B0E700FE46B4 /* Project object */;
			proxyType = 1;
			remoteGlobalIDString = FEF7BADB1C14B13900FE46B4;
			remoteInfo = ColorPickerExample;
		};
		FEF7BB0A1C14B14900FE46B4 /* PBXContainerItemProxy */ = {
			isa = PBXContainerItemProxy;
			containerPortal = FEF7BAB51C14B0E700FE46B4 /* Project object */;
			proxyType = 1;
			remoteGlobalIDString = FEF7BABD1C14B0E700FE46B4;
			remoteInfo = NPCColorPicker;
		};
/* End PBXContainerItemProxy section */

/* Begin PBXFileReference section */
		FE5C1DF01C1509AC008707BA /* NPCColorPickerViewController.swift */ = {isa = PBXFileReference; fileEncoding = 4; lastKnownFileType = sourcecode.swift; path = NPCColorPickerViewController.swift; sourceTree = "<group>"; };
		FE5C1DF21C150AA3008707BA /* NPCColorPicker.storyboard */ = {isa = PBXFileReference; fileEncoding = 4; lastKnownFileType = file.storyboard; path = NPCColorPicker.storyboard; sourceTree = "<group>"; };
		FED244901C181803006247AB /* NPCColorPicker.swift */ = {isa = PBXFileReference; fileEncoding = 4; lastKnownFileType = sourcecode.swift; path = NPCColorPicker.swift; sourceTree = "<group>"; };
		FED244921C181ECE006247AB /* NPCColorPickerMask.swift */ = {isa = PBXFileReference; fileEncoding = 4; lastKnownFileType = sourcecode.swift; path = NPCColorPickerMask.swift; sourceTree = "<group>"; };
		FEF7BABE1C14B0E700FE46B4 /* NPCColorPicker.framework */ = {isa = PBXFileReference; explicitFileType = wrapper.framework; includeInIndex = 0; path = NPCColorPicker.framework; sourceTree = BUILT_PRODUCTS_DIR; };
		FEF7BAC11C14B0E700FE46B4 /* NPCColorPicker.h */ = {isa = PBXFileReference; lastKnownFileType = sourcecode.c.h; path = NPCColorPicker.h; sourceTree = "<group>"; };
		FEF7BAC31C14B0E700FE46B4 /* Info.plist */ = {isa = PBXFileReference; lastKnownFileType = text.plist.xml; path = Info.plist; sourceTree = "<group>"; };
		FEF7BAC81C14B0E700FE46B4 /* NPCColorPickerTests.xctest */ = {isa = PBXFileReference; explicitFileType = wrapper.cfbundle; includeInIndex = 0; path = NPCColorPickerTests.xctest; sourceTree = BUILT_PRODUCTS_DIR; };
		FEF7BACD1C14B0E700FE46B4 /* NPCColorPickerTests.swift */ = {isa = PBXFileReference; lastKnownFileType = sourcecode.swift; path = NPCColorPickerTests.swift; sourceTree = "<group>"; };
		FEF7BACF1C14B0E700FE46B4 /* Info.plist */ = {isa = PBXFileReference; lastKnownFileType = text.plist.xml; path = Info.plist; sourceTree = "<group>"; };
		FEF7BADC1C14B13900FE46B4 /* ColorPickerExample.app */ = {isa = PBXFileReference; explicitFileType = wrapper.application; includeInIndex = 0; path = ColorPickerExample.app; sourceTree = BUILT_PRODUCTS_DIR; };
		FEF7BADE1C14B13900FE46B4 /* AppDelegate.swift */ = {isa = PBXFileReference; lastKnownFileType = sourcecode.swift; path = AppDelegate.swift; sourceTree = "<group>"; };
		FEF7BAE01C14B13900FE46B4 /* ViewController.swift */ = {isa = PBXFileReference; lastKnownFileType = sourcecode.swift; path = ViewController.swift; sourceTree = "<group>"; };
		FEF7BAE31C14B13900FE46B4 /* Base */ = {isa = PBXFileReference; lastKnownFileType = file.storyboard; name = Base; path = Base.lproj/Main.storyboard; sourceTree = "<group>"; };
		FEF7BAE51C14B13900FE46B4 /* Assets.xcassets */ = {isa = PBXFileReference; lastKnownFileType = folder.assetcatalog; path = Assets.xcassets; sourceTree = "<group>"; };
		FEF7BAE81C14B13900FE46B4 /* Base */ = {isa = PBXFileReference; lastKnownFileType = file.storyboard; name = Base; path = Base.lproj/LaunchScreen.storyboard; sourceTree = "<group>"; };
		FEF7BAEA1C14B13900FE46B4 /* Info.plist */ = {isa = PBXFileReference; lastKnownFileType = text.plist.xml; path = Info.plist; sourceTree = "<group>"; };
		FEF7BAEF1C14B13900FE46B4 /* ColorPickerExampleTests.xctest */ = {isa = PBXFileReference; explicitFileType = wrapper.cfbundle; includeInIndex = 0; path = ColorPickerExampleTests.xctest; sourceTree = BUILT_PRODUCTS_DIR; };
		FEF7BAF31C14B13900FE46B4 /* ColorPickerExampleTests.swift */ = {isa = PBXFileReference; lastKnownFileType = sourcecode.swift; path = ColorPickerExampleTests.swift; sourceTree = "<group>"; };
		FEF7BAF51C14B13900FE46B4 /* Info.plist */ = {isa = PBXFileReference; lastKnownFileType = text.plist.xml; path = Info.plist; sourceTree = "<group>"; };
		FEF7BAFA1C14B13900FE46B4 /* ColorPickerExampleUITests.xctest */ = {isa = PBXFileReference; explicitFileType = wrapper.cfbundle; includeInIndex = 0; path = ColorPickerExampleUITests.xctest; sourceTree = BUILT_PRODUCTS_DIR; };
		FEF7BAFE1C14B13900FE46B4 /* ColorPickerExampleUITests.swift */ = {isa = PBXFileReference; lastKnownFileType = sourcecode.swift; path = ColorPickerExampleUITests.swift; sourceTree = "<group>"; };
		FEF7BB001C14B13900FE46B4 /* Info.plist */ = {isa = PBXFileReference; lastKnownFileType = text.plist.xml; path = Info.plist; sourceTree = "<group>"; };
		FEF7BB0E1C14B3CF00FE46B4 /* NPCColorUtility.swift */ = {isa = PBXFileReference; fileEncoding = 4; lastKnownFileType = sourcecode.swift; path = NPCColorUtility.swift; sourceTree = "<group>"; };
		FEF7BB101C14BD1900FE46B4 /* NPCPaleteUtility.swift */ = {isa = PBXFileReference; fileEncoding = 4; lastKnownFileType = sourcecode.swift; path = NPCPaleteUtility.swift; sourceTree = "<group>"; };
/* End PBXFileReference section */

/* Begin PBXFrameworksBuildPhase section */
		FEF7BABA1C14B0E700FE46B4 /* Frameworks */ = {
			isa = PBXFrameworksBuildPhase;
			buildActionMask = 2147483647;
			files = (
			);
			runOnlyForDeploymentPostprocessing = 0;
		};
		FEF7BAC51C14B0E700FE46B4 /* Frameworks */ = {
			isa = PBXFrameworksBuildPhase;
			buildActionMask = 2147483647;
			files = (
				FEF7BAC91C14B0E700FE46B4 /* NPCColorPicker.framework in Frameworks */,
			);
			runOnlyForDeploymentPostprocessing = 0;
		};
		FEF7BAD91C14B13900FE46B4 /* Frameworks */ = {
			isa = PBXFrameworksBuildPhase;
			buildActionMask = 2147483647;
			files = (
			);
			runOnlyForDeploymentPostprocessing = 0;
		};
		FEF7BAEC1C14B13900FE46B4 /* Frameworks */ = {
			isa = PBXFrameworksBuildPhase;
			buildActionMask = 2147483647;
			files = (
			);
			runOnlyForDeploymentPostprocessing = 0;
		};
		FEF7BAF71C14B13900FE46B4 /* Frameworks */ = {
			isa = PBXFrameworksBuildPhase;
			buildActionMask = 2147483647;
			files = (
			);
			runOnlyForDeploymentPostprocessing = 0;
		};
/* End PBXFrameworksBuildPhase section */

/* Begin PBXGroup section */
		FEF7BAB41C14B0E700FE46B4 = {
			isa = PBXGroup;
			children = (
				FEF7BAC01C14B0E700FE46B4 /* NPCColorPicker */,
				FEF7BACC1C14B0E700FE46B4 /* NPCColorPickerTests */,
				FEF7BADD1C14B13900FE46B4 /* ColorPickerExample */,
				FEF7BAF21C14B13900FE46B4 /* ColorPickerExampleTests */,
				FEF7BAFD1C14B13900FE46B4 /* ColorPickerExampleUITests */,
				FEF7BABF1C14B0E700FE46B4 /* Products */,
			);
			sourceTree = "<group>";
		};
		FEF7BABF1C14B0E700FE46B4 /* Products */ = {
			isa = PBXGroup;
			children = (
				FEF7BABE1C14B0E700FE46B4 /* NPCColorPicker.framework */,
				FEF7BAC81C14B0E700FE46B4 /* NPCColorPickerTests.xctest */,
				FEF7BADC1C14B13900FE46B4 /* ColorPickerExample.app */,
				FEF7BAEF1C14B13900FE46B4 /* ColorPickerExampleTests.xctest */,
				FEF7BAFA1C14B13900FE46B4 /* ColorPickerExampleUITests.xctest */,
			);
			name = Products;
			sourceTree = "<group>";
		};
		FEF7BAC01C14B0E700FE46B4 /* NPCColorPicker */ = {
			isa = PBXGroup;
			children = (
				FEF7BAC31C14B0E700FE46B4 /* Info.plist */,
				FEF7BAC11C14B0E700FE46B4 /* NPCColorPicker.h */,
				FE5C1DF21C150AA3008707BA /* NPCColorPicker.storyboard */,
				FE5C1DF01C1509AC008707BA /* NPCColorPickerViewController.swift */,
				FEF7BB0E1C14B3CF00FE46B4 /* NPCColorUtility.swift */,
				FEF7BB101C14BD1900FE46B4 /* NPCPaleteUtility.swift */,
				FED244901C181803006247AB /* NPCColorPicker.swift */,
				FED244921C181ECE006247AB /* NPCColorPickerMask.swift */,
			);
			path = NPCColorPicker;
			sourceTree = "<group>";
		};
		FEF7BACC1C14B0E700FE46B4 /* NPCColorPickerTests */ = {
			isa = PBXGroup;
			children = (
				FEF7BACD1C14B0E700FE46B4 /* NPCColorPickerTests.swift */,
				FEF7BACF1C14B0E700FE46B4 /* Info.plist */,
			);
			path = NPCColorPickerTests;
			sourceTree = "<group>";
		};
		FEF7BADD1C14B13900FE46B4 /* ColorPickerExample */ = {
			isa = PBXGroup;
			children = (
				FEF7BADE1C14B13900FE46B4 /* AppDelegate.swift */,
				FEF7BAE01C14B13900FE46B4 /* ViewController.swift */,
				FEF7BAE21C14B13900FE46B4 /* Main.storyboard */,
				FEF7BAE51C14B13900FE46B4 /* Assets.xcassets */,
				FEF7BAE71C14B13900FE46B4 /* LaunchScreen.storyboard */,
				FEF7BAEA1C14B13900FE46B4 /* Info.plist */,
			);
			path = ColorPickerExample;
			sourceTree = "<group>";
		};
		FEF7BAF21C14B13900FE46B4 /* ColorPickerExampleTests */ = {
			isa = PBXGroup;
			children = (
				FEF7BAF31C14B13900FE46B4 /* ColorPickerExampleTests.swift */,
				FEF7BAF51C14B13900FE46B4 /* Info.plist */,
			);
			path = ColorPickerExampleTests;
			sourceTree = "<group>";
		};
		FEF7BAFD1C14B13900FE46B4 /* ColorPickerExampleUITests */ = {
			isa = PBXGroup;
			children = (
				FEF7BAFE1C14B13900FE46B4 /* ColorPickerExampleUITests.swift */,
				FEF7BB001C14B13900FE46B4 /* Info.plist */,
			);
			path = ColorPickerExampleUITests;
			sourceTree = "<group>";
		};
/* End PBXGroup section */

/* Begin PBXHeadersBuildPhase section */
		FEF7BABB1C14B0E700FE46B4 /* Headers */ = {
			isa = PBXHeadersBuildPhase;
			buildActionMask = 2147483647;
			files = (
				FEF7BAC21C14B0E700FE46B4 /* NPCColorPicker.h in Headers */,
			);
			runOnlyForDeploymentPostprocessing = 0;
		};
/* End PBXHeadersBuildPhase section */

/* Begin PBXNativeTarget section */
		FEF7BABD1C14B0E700FE46B4 /* NPCColorPicker */ = {
			isa = PBXNativeTarget;
			buildConfigurationList = FEF7BAD21C14B0E700FE46B4 /* Build configuration list for PBXNativeTarget "NPCColorPicker" */;
			buildPhases = (
				FEF7BAB91C14B0E700FE46B4 /* Sources */,
				FEF7BABA1C14B0E700FE46B4 /* Frameworks */,
				FEF7BABB1C14B0E700FE46B4 /* Headers */,
				FEF7BABC1C14B0E700FE46B4 /* Resources */,
			);
			buildRules = (
			);
			dependencies = (
			);
			name = NPCColorPicker;
			productName = NPCColorPicker;
			productReference = FEF7BABE1C14B0E700FE46B4 /* NPCColorPicker.framework */;
			productType = "com.apple.product-type.framework";
		};
		FEF7BAC71C14B0E700FE46B4 /* NPCColorPickerTests */ = {
			isa = PBXNativeTarget;
			buildConfigurationList = FEF7BAD51C14B0E700FE46B4 /* Build configuration list for PBXNativeTarget "NPCColorPickerTests" */;
			buildPhases = (
				FEF7BAC41C14B0E700FE46B4 /* Sources */,
				FEF7BAC51C14B0E700FE46B4 /* Frameworks */,
				FEF7BAC61C14B0E700FE46B4 /* Resources */,
			);
			buildRules = (
			);
			dependencies = (
				FEF7BACB1C14B0E700FE46B4 /* PBXTargetDependency */,
			);
			name = NPCColorPickerTests;
			productName = NPCColorPickerTests;
			productReference = FEF7BAC81C14B0E700FE46B4 /* NPCColorPickerTests.xctest */;
			productType = "com.apple.product-type.bundle.unit-test";
		};
		FEF7BADB1C14B13900FE46B4 /* ColorPickerExample */ = {
			isa = PBXNativeTarget;
			buildConfigurationList = FEF7BB011C14B13900FE46B4 /* Build configuration list for PBXNativeTarget "ColorPickerExample" */;
			buildPhases = (
				FEF7BAD81C14B13900FE46B4 /* Sources */,
				FEF7BAD91C14B13900FE46B4 /* Frameworks */,
				FEF7BADA1C14B13900FE46B4 /* Resources */,
			);
			buildRules = (
			);
			dependencies = (
				FEF7BB0B1C14B14900FE46B4 /* PBXTargetDependency */,
			);
			name = ColorPickerExample;
			productName = ColorPickerExample;
			productReference = FEF7BADC1C14B13900FE46B4 /* ColorPickerExample.app */;
			productType = "com.apple.product-type.application";
		};
		FEF7BAEE1C14B13900FE46B4 /* ColorPickerExampleTests */ = {
			isa = PBXNativeTarget;
			buildConfigurationList = FEF7BB041C14B13900FE46B4 /* Build configuration list for PBXNativeTarget "ColorPickerExampleTests" */;
			buildPhases = (
				FEF7BAEB1C14B13900FE46B4 /* Sources */,
				FEF7BAEC1C14B13900FE46B4 /* Frameworks */,
				FEF7BAED1C14B13900FE46B4 /* Resources */,
			);
			buildRules = (
			);
			dependencies = (
				FEF7BAF11C14B13900FE46B4 /* PBXTargetDependency */,
			);
			name = ColorPickerExampleTests;
			productName = ColorPickerExampleTests;
			productReference = FEF7BAEF1C14B13900FE46B4 /* ColorPickerExampleTests.xctest */;
			productType = "com.apple.product-type.bundle.unit-test";
		};
		FEF7BAF91C14B13900FE46B4 /* ColorPickerExampleUITests */ = {
			isa = PBXNativeTarget;
			buildConfigurationList = FEF7BB071C14B13900FE46B4 /* Build configuration list for PBXNativeTarget "ColorPickerExampleUITests" */;
			buildPhases = (
				FEF7BAF61C14B13900FE46B4 /* Sources */,
				FEF7BAF71C14B13900FE46B4 /* Frameworks */,
				FEF7BAF81C14B13900FE46B4 /* Resources */,
			);
			buildRules = (
			);
			dependencies = (
				FEF7BAFC1C14B13900FE46B4 /* PBXTargetDependency */,
			);
			name = ColorPickerExampleUITests;
			productName = ColorPickerExampleUITests;
			productReference = FEF7BAFA1C14B13900FE46B4 /* ColorPickerExampleUITests.xctest */;
			productType = "com.apple.product-type.bundle.ui-testing";
		};
/* End PBXNativeTarget section */

/* Begin PBXProject section */
		FEF7BAB51C14B0E700FE46B4 /* Project object */ = {
			isa = PBXProject;
			attributes = {
				LastSwiftUpdateCheck = 0710;
				LastUpgradeCheck = 0710;
				ORGANIZATIONNAME = "NPC Unlimited";
				TargetAttributes = {
					FEF7BABD1C14B0E700FE46B4 = {
						CreatedOnToolsVersion = 7.1.1;
						DevelopmentTeam = SP86DZAJ6F;
					};
					FEF7BAC71C14B0E700FE46B4 = {
						CreatedOnToolsVersion = 7.1.1;
					};
					FEF7BADB1C14B13900FE46B4 = {
						CreatedOnToolsVersion = 7.1.1;
						DevelopmentTeam = SP86DZAJ6F;
					};
					FEF7BAEE1C14B13900FE46B4 = {
						CreatedOnToolsVersion = 7.1.1;
						TestTargetID = FEF7BADB1C14B13900FE46B4;
					};
					FEF7BAF91C14B13900FE46B4 = {
						CreatedOnToolsVersion = 7.1.1;
						TestTargetID = FEF7BADB1C14B13900FE46B4;
					};
				};
			};
			buildConfigurationList = FEF7BAB81C14B0E700FE46B4 /* Build configuration list for PBXProject "NPCColorPicker" */;
			compatibilityVersion = "Xcode 3.2";
			developmentRegion = English;
			hasScannedForEncodings = 0;
			knownRegions = (
				en,
				Base,
			);
			mainGroup = FEF7BAB41C14B0E700FE46B4;
			productRefGroup = FEF7BABF1C14B0E700FE46B4 /* Products */;
			projectDirPath = "";
			projectRoot = "";
			targets = (
				FEF7BABD1C14B0E700FE46B4 /* NPCColorPicker */,
				FEF7BAC71C14B0E700FE46B4 /* NPCColorPickerTests */,
				FEF7BADB1C14B13900FE46B4 /* ColorPickerExample */,
				FEF7BAEE1C14B13900FE46B4 /* ColorPickerExampleTests */,
				FEF7BAF91C14B13900FE46B4 /* ColorPickerExampleUITests */,
			);
		};
/* End PBXProject section */

/* Begin PBXResourcesBuildPhase section */
		FEF7BABC1C14B0E700FE46B4 /* Resources */ = {
			isa = PBXResourcesBuildPhase;
			buildActionMask = 2147483647;
			files = (
				FE5C1DF31C150AA3008707BA /* NPCColorPicker.storyboard in Resources */,
			);
			runOnlyForDeploymentPostprocessing = 0;
		};
		FEF7BAC61C14B0E700FE46B4 /* Resources */ = {
			isa = PBXResourcesBuildPhase;
			buildActionMask = 2147483647;
			files = (
			);
			runOnlyForDeploymentPostprocessing = 0;
		};
		FEF7BADA1C14B13900FE46B4 /* Resources */ = {
			isa = PBXResourcesBuildPhase;
			buildActionMask = 2147483647;
			files = (
				FEF7BAE91C14B13900FE46B4 /* LaunchScreen.storyboard in Resources */,
				FEF7BAE61C14B13900FE46B4 /* Assets.xcassets in Resources */,
				FEF7BAE41C14B13900FE46B4 /* Main.storyboard in Resources */,
			);
			runOnlyForDeploymentPostprocessing = 0;
		};
		FEF7BAED1C14B13900FE46B4 /* Resources */ = {
			isa = PBXResourcesBuildPhase;
			buildActionMask = 2147483647;
			files = (
			);
			runOnlyForDeploymentPostprocessing = 0;
		};
		FEF7BAF81C14B13900FE46B4 /* Resources */ = {
			isa = PBXResourcesBuildPhase;
			buildActionMask = 2147483647;
			files = (
			);
			runOnlyForDeploymentPostprocessing = 0;
		};
/* End PBXResourcesBuildPhase section */

/* Begin PBXSourcesBuildPhase section */
		FEF7BAB91C14B0E700FE46B4 /* Sources */ = {
			isa = PBXSourcesBuildPhase;
			buildActionMask = 2147483647;
			files = (
				FEF7BB0F1C14B3CF00FE46B4 /* NPCColorUtility.swift in Sources */,
				FED244931C181ECE006247AB /* NPCColorPickerMask.swift in Sources */,
				FED244911C181803006247AB /* NPCColorPicker.swift in Sources */,
				FEF7BB111C14BD1900FE46B4 /* NPCPaleteUtility.swift in Sources */,
				FE5C1DF11C1509AC008707BA /* NPCColorPickerViewController.swift in Sources */,
			);
			runOnlyForDeploymentPostprocessing = 0;
		};
		FEF7BAC41C14B0E700FE46B4 /* Sources */ = {
			isa = PBXSourcesBuildPhase;
			buildActionMask = 2147483647;
			files = (
				FEF7BACE1C14B0E700FE46B4 /* NPCColorPickerTests.swift in Sources */,
			);
			runOnlyForDeploymentPostprocessing = 0;
		};
		FEF7BAD81C14B13900FE46B4 /* Sources */ = {
			isa = PBXSourcesBuildPhase;
			buildActionMask = 2147483647;
			files = (
				FEF7BAE11C14B13900FE46B4 /* ViewController.swift in Sources */,
				FEF7BADF1C14B13900FE46B4 /* AppDelegate.swift in Sources */,
			);
			runOnlyForDeploymentPostprocessing = 0;
		};
		FEF7BAEB1C14B13900FE46B4 /* Sources */ = {
			isa = PBXSourcesBuildPhase;
			buildActionMask = 2147483647;
			files = (
				FEF7BAF41C14B13900FE46B4 /* ColorPickerExampleTests.swift in Sources */,
			);
			runOnlyForDeploymentPostprocessing = 0;
		};
		FEF7BAF61C14B13900FE46B4 /* Sources */ = {
			isa = PBXSourcesBuildPhase;
			buildActionMask = 2147483647;
			files = (
				FEF7BAFF1C14B13900FE46B4 /* ColorPickerExampleUITests.swift in Sources */,
			);
			runOnlyForDeploymentPostprocessing = 0;
		};
/* End PBXSourcesBuildPhase section */

/* Begin PBXTargetDependency section */
		FEF7BACB1C14B0E700FE46B4 /* PBXTargetDependency */ = {
			isa = PBXTargetDependency;
			target = FEF7BABD1C14B0E700FE46B4 /* NPCColorPicker */;
			targetProxy = FEF7BACA1C14B0E700FE46B4 /* PBXContainerItemProxy */;
		};
		FEF7BAF11C14B13900FE46B4 /* PBXTargetDependency */ = {
			isa = PBXTargetDependency;
			target = FEF7BADB1C14B13900FE46B4 /* ColorPickerExample */;
			targetProxy = FEF7BAF01C14B13900FE46B4 /* PBXContainerItemProxy */;
		};
		FEF7BAFC1C14B13900FE46B4 /* PBXTargetDependency */ = {
			isa = PBXTargetDependency;
			target = FEF7BADB1C14B13900FE46B4 /* ColorPickerExample */;
			targetProxy = FEF7BAFB1C14B13900FE46B4 /* PBXContainerItemProxy */;
		};
		FEF7BB0B1C14B14900FE46B4 /* PBXTargetDependency */ = {
			isa = PBXTargetDependency;
			target = FEF7BABD1C14B0E700FE46B4 /* NPCColorPicker */;
			targetProxy = FEF7BB0A1C14B14900FE46B4 /* PBXContainerItemProxy */;
		};
/* End PBXTargetDependency section */

/* Begin PBXVariantGroup section */
		FEF7BAE21C14B13900FE46B4 /* Main.storyboard */ = {
			isa = PBXVariantGroup;
			children = (
				FEF7BAE31C14B13900FE46B4 /* Base */,
			);
			name = Main.storyboard;
			sourceTree = "<group>";
		};
		FEF7BAE71C14B13900FE46B4 /* LaunchScreen.storyboard */ = {
			isa = PBXVariantGroup;
			children = (
				FEF7BAE81C14B13900FE46B4 /* Base */,
			);
			name = LaunchScreen.storyboard;
			sourceTree = "<group>";
		};
/* End PBXVariantGroup section */

/* Begin XCBuildConfiguration section */
		FEF7BAD01C14B0E700FE46B4 /* Debug */ = {
			isa = XCBuildConfiguration;
			buildSettings = {
				ALWAYS_SEARCH_USER_PATHS = NO;
				CLANG_CXX_LANGUAGE_STANDARD = "gnu++0x";
				CLANG_CXX_LIBRARY = "libc++";
				CLANG_ENABLE_MODULES = YES;
				CLANG_ENABLE_OBJC_ARC = YES;
				CLANG_WARN_BOOL_CONVERSION = YES;
				CLANG_WARN_CONSTANT_CONVERSION = YES;
				CLANG_WARN_DIRECT_OBJC_ISA_USAGE = YES_ERROR;
				CLANG_WARN_EMPTY_BODY = YES;
				CLANG_WARN_ENUM_CONVERSION = YES;
				CLANG_WARN_INT_CONVERSION = YES;
				CLANG_WARN_OBJC_ROOT_CLASS = YES_ERROR;
				CLANG_WARN_UNREACHABLE_CODE = YES;
				CLANG_WARN__DUPLICATE_METHOD_MATCH = YES;
				"CODE_SIGN_IDENTITY[sdk=iphoneos*]" = "iPhone Developer";
				COPY_PHASE_STRIP = NO;
				CURRENT_PROJECT_VERSION = 1;
				DEBUG_INFORMATION_FORMAT = dwarf;
				ENABLE_STRICT_OBJC_MSGSEND = YES;
				ENABLE_TESTABILITY = YES;
				GCC_C_LANGUAGE_STANDARD = gnu99;
				GCC_DYNAMIC_NO_PIC = NO;
				GCC_NO_COMMON_BLOCKS = YES;
				GCC_OPTIMIZATION_LEVEL = 0;
				GCC_PREPROCESSOR_DEFINITIONS = (
					"DEBUG=1",
					"$(inherited)",
				);
				GCC_WARN_64_TO_32_BIT_CONVERSION = YES;
				GCC_WARN_ABOUT_RETURN_TYPE = YES_ERROR;
				GCC_WARN_UNDECLARED_SELECTOR = YES;
				GCC_WARN_UNINITIALIZED_AUTOS = YES_AGGRESSIVE;
				GCC_WARN_UNUSED_FUNCTION = YES;
				GCC_WARN_UNUSED_VARIABLE = YES;
				IPHONEOS_DEPLOYMENT_TARGET = 9.1;
				MTL_ENABLE_DEBUG_INFO = YES;
				ONLY_ACTIVE_ARCH = YES;
				SDKROOT = iphoneos;
				SWIFT_OPTIMIZATION_LEVEL = "-Onone";
				TARGETED_DEVICE_FAMILY = "1,2";
				VERSIONING_SYSTEM = "apple-generic";
				VERSION_INFO_PREFIX = "";
			};
			name = Debug;
		};
		FEF7BAD11C14B0E700FE46B4 /* Release */ = {
			isa = XCBuildConfiguration;
			buildSettings = {
				ALWAYS_SEARCH_USER_PATHS = NO;
				CLANG_CXX_LANGUAGE_STANDARD = "gnu++0x";
				CLANG_CXX_LIBRARY = "libc++";
				CLANG_ENABLE_MODULES = YES;
				CLANG_ENABLE_OBJC_ARC = YES;
				CLANG_WARN_BOOL_CONVERSION = YES;
				CLANG_WARN_CONSTANT_CONVERSION = YES;
				CLANG_WARN_DIRECT_OBJC_ISA_USAGE = YES_ERROR;
				CLANG_WARN_EMPTY_BODY = YES;
				CLANG_WARN_ENUM_CONVERSION = YES;
				CLANG_WARN_INT_CONVERSION = YES;
				CLANG_WARN_OBJC_ROOT_CLASS = YES_ERROR;
				CLANG_WARN_UNREACHABLE_CODE = YES;
				CLANG_WARN__DUPLICATE_METHOD_MATCH = YES;
				"CODE_SIGN_IDENTITY[sdk=iphoneos*]" = "iPhone Developer";
				COPY_PHASE_STRIP = NO;
				CURRENT_PROJECT_VERSION = 1;
				DEBUG_INFORMATION_FORMAT = "dwarf-with-dsym";
				ENABLE_NS_ASSERTIONS = NO;
				ENABLE_STRICT_OBJC_MSGSEND = YES;
				GCC_C_LANGUAGE_STANDARD = gnu99;
				GCC_NO_COMMON_BLOCKS = YES;
				GCC_WARN_64_TO_32_BIT_CONVERSION = YES;
				GCC_WARN_ABOUT_RETURN_TYPE = YES_ERROR;
				GCC_WARN_UNDECLARED_SELECTOR = YES;
				GCC_WARN_UNINITIALIZED_AUTOS = YES_AGGRESSIVE;
				GCC_WARN_UNUSED_FUNCTION = YES;
				GCC_WARN_UNUSED_VARIABLE = YES;
				IPHONEOS_DEPLOYMENT_TARGET = 9.1;
				MTL_ENABLE_DEBUG_INFO = NO;
				SDKROOT = iphoneos;
				TARGETED_DEVICE_FAMILY = "1,2";
				VALIDATE_PRODUCT = YES;
				VERSIONING_SYSTEM = "apple-generic";
				VERSION_INFO_PREFIX = "";
			};
			name = Release;
		};
		FEF7BAD31C14B0E700FE46B4 /* Debug */ = {
			isa = XCBuildConfiguration;
			buildSettings = {
				CLANG_ENABLE_MODULES = YES;
				CODE_SIGN_IDENTITY = "iPhone Developer";
				DEFINES_MODULE = YES;
				DYLIB_COMPATIBILITY_VERSION = 1;
				DYLIB_CURRENT_VERSION = 1;
				DYLIB_INSTALL_NAME_BASE = "@rpath";
				INFOPLIST_FILE = NPCColorPicker/Info.plist;
				INSTALL_PATH = "$(LOCAL_LIBRARY_DIR)/Frameworks";
				LD_RUNPATH_SEARCH_PATHS = "$(inherited) @executable_path/Frameworks @loader_path/Frameworks";
				PRODUCT_BUNDLE_IDENTIFIER = com.npc.NPCColorPicker;
				PRODUCT_NAME = "$(TARGET_NAME)";
				SKIP_INSTALL = YES;
				SWIFT_OPTIMIZATION_LEVEL = "-Onone";
			};
			name = Debug;
		};
		FEF7BAD41C14B0E700FE46B4 /* Release */ = {
			isa = XCBuildConfiguration;
			buildSettings = {
				CLANG_ENABLE_MODULES = YES;
				CODE_SIGN_IDENTITY = "iPhone Developer";
				DEFINES_MODULE = YES;
				DYLIB_COMPATIBILITY_VERSION = 1;
				DYLIB_CURRENT_VERSION = 1;
				DYLIB_INSTALL_NAME_BASE = "@rpath";
				INFOPLIST_FILE = NPCColorPicker/Info.plist;
				INSTALL_PATH = "$(LOCAL_LIBRARY_DIR)/Frameworks";
				LD_RUNPATH_SEARCH_PATHS = "$(inherited) @executable_path/Frameworks @loader_path/Frameworks";
				PRODUCT_BUNDLE_IDENTIFIER = com.npc.NPCColorPicker;
				PRODUCT_NAME = "$(TARGET_NAME)";
				SKIP_INSTALL = YES;
			};
			name = Release;
		};
		FEF7BAD61C14B0E700FE46B4 /* Debug */ = {
			isa = XCBuildConfiguration;
			buildSettings = {
				INFOPLIST_FILE = NPCColorPickerTests/Info.plist;
				LD_RUNPATH_SEARCH_PATHS = "$(inherited) @executable_path/Frameworks @loader_path/Frameworks";
				PRODUCT_BUNDLE_IDENTIFIER = com.npc.NPCColorPickerTests;
				PRODUCT_NAME = "$(TARGET_NAME)";
			};
			name = Debug;
		};
		FEF7BAD71C14B0E700FE46B4 /* Release */ = {
			isa = XCBuildConfiguration;
			buildSettings = {
				INFOPLIST_FILE = NPCColorPickerTests/Info.plist;
				LD_RUNPATH_SEARCH_PATHS = "$(inherited) @executable_path/Frameworks @loader_path/Frameworks";
				PRODUCT_BUNDLE_IDENTIFIER = com.npc.NPCColorPickerTests;
				PRODUCT_NAME = "$(TARGET_NAME)";
			};
			name = Release;
		};
		FEF7BB021C14B13900FE46B4 /* Debug */ = {
			isa = XCBuildConfiguration;
			buildSettings = {
				ASSETCATALOG_COMPILER_APPICON_NAME = AppIcon;
				CODE_SIGN_IDENTITY = "iPhone Developer";
				INFOPLIST_FILE = ColorPickerExample/Info.plist;
				LD_RUNPATH_SEARCH_PATHS = "$(inherited) @executable_path/Frameworks";
				PRODUCT_BUNDLE_IDENTIFIER = com.npc.ColorPickerExample;
				PRODUCT_NAME = "$(TARGET_NAME)";
			};
			name = Debug;
		};
		FEF7BB031C14B13900FE46B4 /* Release */ = {
			isa = XCBuildConfiguration;
			buildSettings = {
				ASSETCATALOG_COMPILER_APPICON_NAME = AppIcon;
				CODE_SIGN_IDENTITY = "iPhone Developer";
				INFOPLIST_FILE = ColorPickerExample/Info.plist;
				LD_RUNPATH_SEARCH_PATHS = "$(inherited) @executable_path/Frameworks";
				PRODUCT_BUNDLE_IDENTIFIER = com.npc.ColorPickerExample;
				PRODUCT_NAME = "$(TARGET_NAME)";
			};
			name = Release;
		};
		FEF7BB051C14B13900FE46B4 /* Debug */ = {
			isa = XCBuildConfiguration;
			buildSettings = {
				BUNDLE_LOADER = "$(TEST_HOST)";
				INFOPLIST_FILE = ColorPickerExampleTests/Info.plist;
				LD_RUNPATH_SEARCH_PATHS = "$(inherited) @executable_path/Frameworks @loader_path/Frameworks";
				PRODUCT_BUNDLE_IDENTIFIER = com.npc.ColorPickerExampleTests;
				PRODUCT_NAME = "$(TARGET_NAME)";
				TEST_HOST = "$(BUILT_PRODUCTS_DIR)/ColorPickerExample.app/ColorPickerExample";
			};
			name = Debug;
		};
		FEF7BB061C14B13900FE46B4 /* Release */ = {
			isa = XCBuildConfiguration;
			buildSettings = {
				BUNDLE_LOADER = "$(TEST_HOST)";
				INFOPLIST_FILE = ColorPickerExampleTests/Info.plist;
				LD_RUNPATH_SEARCH_PATHS = "$(inherited) @executable_path/Frameworks @loader_path/Frameworks";
				PRODUCT_BUNDLE_IDENTIFIER = com.npc.ColorPickerExampleTests;
				PRODUCT_NAME = "$(TARGET_NAME)";
				TEST_HOST = "$(BUILT_PRODUCTS_DIR)/ColorPickerExample.app/ColorPickerExample";
			};
			name = Release;
		};
		FEF7BB081C14B13900FE46B4 /* Debug */ = {
			isa = XCBuildConfiguration;
			buildSettings = {
				INFOPLIST_FILE = ColorPickerExampleUITests/Info.plist;
				LD_RUNPATH_SEARCH_PATHS = "$(inherited) @executable_path/Frameworks @loader_path/Frameworks";
				PRODUCT_BUNDLE_IDENTIFIER = com.npc.ColorPickerExampleUITests;
				PRODUCT_NAME = "$(TARGET_NAME)";
				TEST_TARGET_NAME = ColorPickerExample;
				USES_XCTRUNNER = YES;
			};
			name = Debug;
		};
		FEF7BB091C14B13900FE46B4 /* Release */ = {
			isa = XCBuildConfiguration;
			buildSettings = {
				INFOPLIST_FILE = ColorPickerExampleUITests/Info.plist;
				LD_RUNPATH_SEARCH_PATHS = "$(inherited) @executable_path/Frameworks @loader_path/Frameworks";
				PRODUCT_BUNDLE_IDENTIFIER = com.npc.ColorPickerExampleUITests;
				PRODUCT_NAME = "$(TARGET_NAME)";
				TEST_TARGET_NAME = ColorPickerExample;
				USES_XCTRUNNER = YES;
			};
			name = Release;
		};
/* End XCBuildConfiguration section */

/* Begin XCConfigurationList section */
		FEF7BAB81C14B0E700FE46B4 /* Build configuration list for PBXProject "NPCColorPicker" */ = {
			isa = XCConfigurationList;
			buildConfigurations = (
				FEF7BAD01C14B0E700FE46B4 /* Debug */,
				FEF7BAD11C14B0E700FE46B4 /* Release */,
			);
			defaultConfigurationIsVisible = 0;
			defaultConfigurationName = Release;
		};
		FEF7BAD21C14B0E700FE46B4 /* Build configuration list for PBXNativeTarget "NPCColorPicker" */ = {
			isa = XCConfigurationList;
			buildConfigurations = (
				FEF7BAD31C14B0E700FE46B4 /* Debug */,
				FEF7BAD41C14B0E700FE46B4 /* Release */,
			);
			defaultConfigurationIsVisible = 0;
			defaultConfigurationName = Release;
		};
		FEF7BAD51C14B0E700FE46B4 /* Build configuration list for PBXNativeTarget "NPCColorPickerTests" */ = {
			isa = XCConfigurationList;
			buildConfigurations = (
				FEF7BAD61C14B0E700FE46B4 /* Debug */,
				FEF7BAD71C14B0E700FE46B4 /* Release */,
			);
			defaultConfigurationIsVisible = 0;
			defaultConfigurationName = Release;
		};
		FEF7BB011C14B13900FE46B4 /* Build configuration list for PBXNativeTarget "ColorPickerExample" */ = {
			isa = XCConfigurationList;
			buildConfigurations = (
				FEF7BB021C14B13900FE46B4 /* Debug */,
				FEF7BB031C14B13900FE46B4 /* Release */,
			);
			defaultConfigurationIsVisible = 0;
			defaultConfigurationName = Release;
		};
		FEF7BB041C14B13900FE46B4 /* Build configuration list for PBXNativeTarget "ColorPickerExampleTests" */ = {
			isa = XCConfigurationList;
			buildConfigurations = (
				FEF7BB051C14B13900FE46B4 /* Debug */,
				FEF7BB061C14B13900FE46B4 /* Release */,
			);
			defaultConfigurationIsVisible = 0;
			defaultConfigurationName = Release;
		};
		FEF7BB071C14B13900FE46B4 /* Build configuration list for PBXNativeTarget "ColorPickerExampleUITests" */ = {
			isa = XCConfigurationList;
			buildConfigurations = (
				FEF7BB081C14B13900FE46B4 /* Debug */,
				FEF7BB091C14B13900FE46B4 /* Release */,
			);
			defaultConfigurationIsVisible = 0;
			defaultConfigurationName = Release;
		};
/* End XCConfigurationList section */
	};
	rootObject = FEF7BAB51C14B0E700FE46B4 /* Project object */;
}
